
Microsoft Visual Studio Solution File, Format Version 12.00
# Visual Studio Version 16
VisualStudioVersion = 16.0.30717.126
MinimumVisualStudioVersion = 10.0.40219.1
Project("{FAE04EC0-301F-11D3-BF4B-00C04F79EFBC}") = "CarsOwnersEF", "CarsOwnersEF\CarsOwnersEF.csproj", "{0626F605-86AE-4749-8138-2A914B5B7AF7}"
EndProject
Global
	GlobalSection(SolutionConfigurationPlatforms) = preSolution
		Debug|Any CPU = Debug|Any CPU
		Release|Any CPU = Release|Any CPU
	EndGlobalSection
	GlobalSection(ProjectConfigurationPlatforms) = postSolution
		{0626F605-86AE-4749-8138-2A914B5B7AF7}.Debug|Any CPU.ActiveCfg = Debug|Any CPU
		{0626F605-86AE-4749-8138-2A914B5B7AF7}.Debug|Any CPU.Build.0 = Debug|Any CPU
		{0626F605-86AE-4749-8138-2A914B5B7AF7}.Release|Any CPU.ActiveCfg = Release|Any CPU
		{0626F605-86AE-4749-8138-2A914B5B7AF7}.Release|Any CPU.Build.0 = Release|Any CPU
	EndGlobalSection
	GlobalSection(SolutionProperties) = preSolution
		HideSolutionNode = FALSE
	EndGlobalSection
	GlobalSection(ExtensibilityGlobals) = postSolution
		SolutionGuid = {B35FBDC6-C818-4C44-8298-62EB18CF1A74}
	EndGlobalSection
EndGlobal
